
Microsoft Visual Studio Solution File, Format Version 11.00
# Visual Studio 2010
Project("{FAE04EC0-301F-11D3-BF4B-00C04F79EFBC}") = "Assembly-CSharp", "Assembly-CSharp.csproj", "{603b5170-3941-4b29-42b6-0e87537bb3a9}"
EndProject
Project("{FAE04EC0-301F-11D3-BF4B-00C04F79EFBC}") = "Unity.2DPlatformer.Tutorials", "Unity.2DPlatformer.Tutorials.csproj", "{0fe501fd-1148-a10e-42fb-c5af3cff49d9}"
EndProject
Project("{FAE04EC0-301F-11D3-BF4B-00C04F79EFBC}") = "Unity.Platformer.Tutorials", "Unity.Platformer.Tutorials.csproj", "{f8427161-ffb8-d5d3-5427-f3923399e302}"
EndProject
Project("{FAE04EC0-301F-11D3-BF4B-00C04F79EFBC}") = "Assembly-CSharp-Editor", "Assembly-CSharp-Editor.csproj", "{3c740e91-3412-81b9-d3dc-cd162e06991e}"
EndProject
Global
	GlobalSection(SolutionConfigurationPlatforms) = preSolution
		Debug|Any CPU = Debug|Any CPU
	EndGlobalSection
	GlobalSection(ProjectConfigurationPlatforms) = postSolution
		{603b5170-3941-4b29-42b6-0e87537bb3a9}.Debug|Any CPU.ActiveCfg = Debug|Any CPU
		{603b5170-3941-4b29-42b6-0e87537bb3a9}.Debug|Any CPU.Build.0 = Debug|Any CPU
		{0fe501fd-1148-a10e-42fb-c5af3cff49d9}.Debug|Any CPU.ActiveCfg = Debug|Any CPU
		{0fe501fd-1148-a10e-42fb-c5af3cff49d9}.Debug|Any CPU.Build.0 = Debug|Any CPU
		{f8427161-ffb8-d5d3-5427-f3923399e302}.Debug|Any CPU.ActiveCfg = Debug|Any CPU
		{f8427161-ffb8-d5d3-5427-f3923399e302}.Debug|Any CPU.Build.0 = Debug|Any CPU
		{3c740e91-3412-81b9-d3dc-cd162e06991e}.Debug|Any CPU.ActiveCfg = Debug|Any CPU
		{3c740e91-3412-81b9-d3dc-cd162e06991e}.Debug|Any CPU.Build.0 = Debug|Any CPU
	EndGlobalSection
	GlobalSection(SolutionProperties) = preSolution
		HideSolutionNode = FALSE
	EndGlobalSection
EndGlobal
